// !$*UTF8*$!
{
	archiveVersion = 1;
	classes = {
	};
	objectVersion = 50;
	objects = {

/* Begin PBXBuildFile section */
		E3762E3F251ECC2000AE5E68 /* AppDelegate.m in Sources */ = {isa = PBXBuildFile; fileRef = E3762E3E251ECC2000AE5E68 /* AppDelegate.m */; };
		E3762E42251ECC2000AE5E68 /* SceneDelegate.m in Sources */ = {isa = PBXBuildFile; fileRef = E3762E41251ECC2000AE5E68 /* SceneDelegate.m */; };
		E3762E48251ECC2000AE5E68 /* Main.storyboard in Resources */ = {isa = PBXBuildFile; fileRef = E3762E46251ECC2000AE5E68 /* Main.storyboard */; };
		E3762E4A251ECC2800AE5E68 /* Assets.xcassets in Resources */ = {isa = PBXBuildFile; fileRef = E3762E49251ECC2800AE5E68 /* Assets.xcassets */; };
		E3762E4D251ECC2800AE5E68 /* LaunchScreen.storyboard in Resources */ = {isa = PBXBuildFile; fileRef = E3762E4B251ECC2800AE5E68 /* LaunchScreen.storyboard */; };
		E3762E50251ECC2800AE5E68 /* main.m in Sources */ = {isa = PBXBuildFile; fileRef = E3762E4F251ECC2800AE5E68 /* main.m */; };
		E39D0E2C251ED25700DDBE5E /* BRMArtist.m in Sources */ = {isa = PBXBuildFile; fileRef = E39D0E2B251ED25700DDBE5E /* BRMArtist.m */; };
		E39D0E34251ED45000DDBE5E /* BRMArtist+JSONSerialization.m in Sources */ = {isa = PBXBuildFile; fileRef = E39D0E33251ED45000DDBE5E /* BRMArtist+JSONSerialization.m */; };
		E39D0E39251ED81A00DDBE5E /* BRMArtistController.m in Sources */ = {isa = PBXBuildFile; fileRef = E39D0E38251ED81A00DDBE5E /* BRMArtistController.m */; };
		E39D0E3F251EDEF900DDBE5E /* BRMArtistsTableViewController.m in Sources */ = {isa = PBXBuildFile; fileRef = E39D0E3E251EDEF900DDBE5E /* BRMArtistsTableViewController.m */; };
		E39D0E43251EDF0C00DDBE5E /* BRMNewArtistViewController.m in Sources */ = {isa = PBXBuildFile; fileRef = E39D0E42251EDF0C00DDBE5E /* BRMNewArtistViewController.m */; };
/* End PBXBuildFile section */

/* Begin PBXFileReference section */
		E3762E3A251ECC2000AE5E68 /* Favorite Artists.app */ = {isa = PBXFileReference; explicitFileType = wrapper.application; includeInIndex = 0; path = "Favorite Artists.app"; sourceTree = BUILT_PRODUCTS_DIR; };
		E3762E3D251ECC2000AE5E68 /* AppDelegate.h */ = {isa = PBXFileReference; lastKnownFileType = sourcecode.c.h; path = AppDelegate.h; sourceTree = "<group>"; };
		E3762E3E251ECC2000AE5E68 /* AppDelegate.m */ = {isa = PBXFileReference; lastKnownFileType = sourcecode.c.objc; path = AppDelegate.m; sourceTree = "<group>"; };
		E3762E40251ECC2000AE5E68 /* SceneDelegate.h */ = {isa = PBXFileReference; lastKnownFileType = sourcecode.c.h; path = SceneDelegate.h; sourceTree = "<group>"; };
		E3762E41251ECC2000AE5E68 /* SceneDelegate.m */ = {isa = PBXFileReference; lastKnownFileType = sourcecode.c.objc; path = SceneDelegate.m; sourceTree = "<group>"; };
		E3762E47251ECC2000AE5E68 /* Base */ = {isa = PBXFileReference; lastKnownFileType = file.storyboard; name = Base; path = Base.lproj/Main.storyboard; sourceTree = "<group>"; };
		E3762E49251ECC2800AE5E68 /* Assets.xcassets */ = {isa = PBXFileReference; lastKnownFileType = folder.assetcatalog; path = Assets.xcassets; sourceTree = "<group>"; };
		E3762E4C251ECC2800AE5E68 /* Base */ = {isa = PBXFileReference; lastKnownFileType = file.storyboard; name = Base; path = Base.lproj/LaunchScreen.storyboard; sourceTree = "<group>"; };
		E3762E4E251ECC2800AE5E68 /* Info.plist */ = {isa = PBXFileReference; lastKnownFileType = text.plist.xml; path = Info.plist; sourceTree = "<group>"; };
		E3762E4F251ECC2800AE5E68 /* main.m */ = {isa = PBXFileReference; lastKnownFileType = sourcecode.c.objc; path = main.m; sourceTree = "<group>"; };
		E39D0E2A251ED25700DDBE5E /* BRMArtist.h */ = {isa = PBXFileReference; lastKnownFileType = sourcecode.c.h; path = BRMArtist.h; sourceTree = "<group>"; };
		E39D0E2B251ED25700DDBE5E /* BRMArtist.m */ = {isa = PBXFileReference; lastKnownFileType = sourcecode.c.objc; path = BRMArtist.m; sourceTree = "<group>"; };
		E39D0E32251ED45000DDBE5E /* BRMArtist+JSONSerialization.h */ = {isa = PBXFileReference; lastKnownFileType = sourcecode.c.h; path = "BRMArtist+JSONSerialization.h"; sourceTree = "<group>"; };
		E39D0E33251ED45000DDBE5E /* BRMArtist+JSONSerialization.m */ = {isa = PBXFileReference; lastKnownFileType = sourcecode.c.objc; path = "BRMArtist+JSONSerialization.m"; sourceTree = "<group>"; };
		E39D0E37251ED81A00DDBE5E /* BRMArtistController.h */ = {isa = PBXFileReference; lastKnownFileType = sourcecode.c.h; path = BRMArtistController.h; sourceTree = "<group>"; };
		E39D0E38251ED81A00DDBE5E /* BRMArtistController.m */ = {isa = PBXFileReference; lastKnownFileType = sourcecode.c.objc; path = BRMArtistController.m; sourceTree = "<group>"; };
		E39D0E3D251EDEF900DDBE5E /* BRMArtistsTableViewController.h */ = {isa = PBXFileReference; lastKnownFileType = sourcecode.c.h; path = BRMArtistsTableViewController.h; sourceTree = "<group>"; };
		E39D0E3E251EDEF900DDBE5E /* BRMArtistsTableViewController.m */ = {isa = PBXFileReference; lastKnownFileType = sourcecode.c.objc; path = BRMArtistsTableViewController.m; sourceTree = "<group>"; };
		E39D0E41251EDF0C00DDBE5E /* BRMNewArtistViewController.h */ = {isa = PBXFileReference; lastKnownFileType = sourcecode.c.h; path = BRMNewArtistViewController.h; sourceTree = "<group>"; };
		E39D0E42251EDF0C00DDBE5E /* BRMNewArtistViewController.m */ = {isa = PBXFileReference; lastKnownFileType = sourcecode.c.objc; path = BRMNewArtistViewController.m; sourceTree = "<group>"; };
/* End PBXFileReference section */

/* Begin PBXFrameworksBuildPhase section */
		E3762E37251ECC2000AE5E68 /* Frameworks */ = {
			isa = PBXFrameworksBuildPhase;
			buildActionMask = 2147483647;
			files = (
			);
			runOnlyForDeploymentPostprocessing = 0;
		};
/* End PBXFrameworksBuildPhase section */

/* Begin PBXGroup section */
		E3762E31251ECC2000AE5E68 = {
			isa = PBXGroup;
			children = (
				E3762E3C251ECC2000AE5E68 /* Favorite Artists */,
				E3762E3B251ECC2000AE5E68 /* Products */,
			);
			sourceTree = "<group>";
		};
		E3762E3B251ECC2000AE5E68 /* Products */ = {
			isa = PBXGroup;
			children = (
				E3762E3A251ECC2000AE5E68 /* Favorite Artists.app */,
			);
			name = Products;
			sourceTree = "<group>";
		};
		E3762E3C251ECC2000AE5E68 /* Favorite Artists */ = {
			isa = PBXGroup;
			children = (
				E3762E4E251ECC2800AE5E68 /* Info.plist */,
				E3762E65251ECF3C00AE5E68 /* Resources */,
				E3762E69251ECF5B00AE5E68 /* Model Controllers */,
				E3762E68251ECF5300AE5E68 /* Model */,
				E3762E66251ECF4300AE5E68 /* View Controllers */,
				E3762E67251ECF4E00AE5E68 /* Storyboards */,
			);
			path = "Favorite Artists";
			sourceTree = "<group>";
		};
		E3762E65251ECF3C00AE5E68 /* Resources */ = {
			isa = PBXGroup;
			children = (
				E3762E3D251ECC2000AE5E68 /* AppDelegate.h */,
				E3762E3E251ECC2000AE5E68 /* AppDelegate.m */,
				E3762E40251ECC2000AE5E68 /* SceneDelegate.h */,
				E3762E41251ECC2000AE5E68 /* SceneDelegate.m */,
				E3762E49251ECC2800AE5E68 /* Assets.xcassets */,
				E3762E4F251ECC2800AE5E68 /* main.m */,
			);
			path = Resources;
			sourceTree = "<group>";
		};
		E3762E66251ECF4300AE5E68 /* View Controllers */ = {
			isa = PBXGroup;
			children = (
				E39D0E3D251EDEF900DDBE5E /* BRMArtistsTableViewController.h */,
				E39D0E3E251EDEF900DDBE5E /* BRMArtistsTableViewController.m */,
				E39D0E41251EDF0C00DDBE5E /* BRMNewArtistViewController.h */,
				E39D0E42251EDF0C00DDBE5E /* BRMNewArtistViewController.m */,
			);
			path = "View Controllers";
			sourceTree = "<group>";
		};
		E3762E67251ECF4E00AE5E68 /* Storyboards */ = {
			isa = PBXGroup;
			children = (
				E3762E46251ECC2000AE5E68 /* Main.storyboard */,
				E3762E4B251ECC2800AE5E68 /* LaunchScreen.storyboard */,
			);
			path = Storyboards;
			sourceTree = "<group>";
		};
		E3762E68251ECF5300AE5E68 /* Model */ = {
			isa = PBXGroup;
			children = (
				E39D0E2A251ED25700DDBE5E /* BRMArtist.h */,
				E39D0E2B251ED25700DDBE5E /* BRMArtist.m */,
				E39D0E32251ED45000DDBE5E /* BRMArtist+JSONSerialization.h */,
				E39D0E33251ED45000DDBE5E /* BRMArtist+JSONSerialization.m */,
			);
			path = Model;
			sourceTree = "<group>";
		};
		E3762E69251ECF5B00AE5E68 /* Model Controllers */ = {
			isa = PBXGroup;
			children = (
				E39D0E37251ED81A00DDBE5E /* BRMArtistController.h */,
				E39D0E38251ED81A00DDBE5E /* BRMArtistController.m */,
			);
			path = "Model Controllers";
			sourceTree = "<group>";
		};
/* End PBXGroup section */

/* Begin PBXNativeTarget section */
		E3762E39251ECC2000AE5E68 /* Favorite Artists */ = {
			isa = PBXNativeTarget;
			buildConfigurationList = E3762E53251ECC2800AE5E68 /* Build configuration list for PBXNativeTarget "Favorite Artists" */;
			buildPhases = (
				E3762E36251ECC2000AE5E68 /* Sources */,
				E3762E37251ECC2000AE5E68 /* Frameworks */,
				E3762E38251ECC2000AE5E68 /* Resources */,
			);
			buildRules = (
			);
			dependencies = (
			);
			name = "Favorite Artists";
			productName = "Favorite Artists";
			productReference = E3762E3A251ECC2000AE5E68 /* Favorite Artists.app */;
			productType = "com.apple.product-type.application";
		};
/* End PBXNativeTarget section */

/* Begin PBXProject section */
		E3762E32251ECC2000AE5E68 /* Project object */ = {
			isa = PBXProject;
			attributes = {
				LastUpgradeCheck = 1200;
				TargetAttributes = {
					E3762E39251ECC2000AE5E68 = {
						CreatedOnToolsVersion = 12.0;
					};
				};
			};
			buildConfigurationList = E3762E35251ECC2000AE5E68 /* Build configuration list for PBXProject "Favorite Artists" */;
			compatibilityVersion = "Xcode 9.3";
			developmentRegion = en;
			hasScannedForEncodings = 0;
			knownRegions = (
				en,
				Base,
			);
			mainGroup = E3762E31251ECC2000AE5E68;
			productRefGroup = E3762E3B251ECC2000AE5E68 /* Products */;
			projectDirPath = "";
			projectRoot = "";
			targets = (
				E3762E39251ECC2000AE5E68 /* Favorite Artists */,
			);
		};
/* End PBXProject section */

/* Begin PBXResourcesBuildPhase section */
		E3762E38251ECC2000AE5E68 /* Resources */ = {
			isa = PBXResourcesBuildPhase;
			buildActionMask = 2147483647;
			files = (
				E3762E4D251ECC2800AE5E68 /* LaunchScreen.storyboard in Resources */,
				E3762E4A251ECC2800AE5E68 /* Assets.xcassets in Resources */,
				E3762E48251ECC2000AE5E68 /* Main.storyboard in Resources */,
			);
			runOnlyForDeploymentPostprocessing = 0;
		};
/* End PBXResourcesBuildPhase section */

/* Begin PBXSourcesBuildPhase section */
		E3762E36251ECC2000AE5E68 /* Sources */ = {
			isa = PBXSourcesBuildPhase;
			buildActionMask = 2147483647;
			files = (
				E39D0E43251EDF0C00DDBE5E /* BRMNewArtistViewController.m in Sources */,
				E3762E3F251ECC2000AE5E68 /* AppDelegate.m in Sources */,
				E39D0E2C251ED25700DDBE5E /* BRMArtist.m in Sources */,
				E3762E50251ECC2800AE5E68 /* main.m in Sources */,
				E39D0E39251ED81A00DDBE5E /* BRMArtistController.m in Sources */,
				E3762E42251ECC2000AE5E68 /* SceneDelegate.m in Sources */,
				E39D0E34251ED45000DDBE5E /* BRMArtist+JSONSerialization.m in Sources */,
				E39D0E3F251EDEF900DDBE5E /* BRMArtistsTableViewController.m in Sources */,
			);
			runOnlyForDeploymentPostprocessing = 0;
		};
/* End PBXSourcesBuildPhase section */

/* Begin PBXVariantGroup section */
		E3762E46251ECC2000AE5E68 /* Main.storyboard */ = {
			isa = PBXVariantGroup;
			children = (
				E3762E47251ECC2000AE5E68 /* Base */,
			);
			name = Main.storyboard;
			sourceTree = "<group>";
		};
		E3762E4B251ECC2800AE5E68 /* LaunchScreen.storyboard */ = {
			isa = PBXVariantGroup;
			children = (
				E3762E4C251ECC2800AE5E68 /* Base */,
			);
			name = LaunchScreen.storyboard;
			sourceTree = "<group>";
		};
/* End PBXVariantGroup section */

/* Begin XCBuildConfiguration section */
		E3762E51251ECC2800AE5E68 /* Debug */ = {
			isa = XCBuildConfiguration;
			buildSettings = {
				ALWAYS_SEARCH_USER_PATHS = NO;
				CLANG_ANALYZER_NONNULL = YES;
				CLANG_ANALYZER_NUMBER_OBJECT_CONVERSION = YES_AGGRESSIVE;
				CLANG_CXX_LANGUAGE_STANDARD = "gnu++14";
				CLANG_CXX_LIBRARY = "libc++";
				CLANG_ENABLE_MODULES = YES;
				CLANG_ENABLE_OBJC_ARC = YES;
				CLANG_ENABLE_OBJC_WEAK = YES;
				CLANG_WARN_BLOCK_CAPTURE_AUTORELEASING = YES;
				CLANG_WARN_BOOL_CONVERSION = YES;
				CLANG_WARN_COMMA = YES;
				CLANG_WARN_CONSTANT_CONVERSION = YES;
				CLANG_WARN_DEPRECATED_OBJC_IMPLEMENTATIONS = YES;
				CLANG_WARN_DIRECT_OBJC_ISA_USAGE = YES_ERROR;
				CLANG_WARN_DOCUMENTATION_COMMENTS = YES;
				CLANG_WARN_EMPTY_BODY = YES;
				CLANG_WARN_ENUM_CONVERSION = YES;
				CLANG_WARN_INFINITE_RECURSION = YES;
				CLANG_WARN_INT_CONVERSION = YES;
				CLANG_WARN_NON_LITERAL_NULL_CONVERSION = YES;
				CLANG_WARN_OBJC_IMPLICIT_RETAIN_SELF = YES;
				CLANG_WARN_OBJC_LITERAL_CONVERSION = YES;
				CLANG_WARN_OBJC_ROOT_CLASS = YES_ERROR;
				CLANG_WARN_QUOTED_INCLUDE_IN_FRAMEWORK_HEADER = YES;
				CLANG_WARN_RANGE_LOOP_ANALYSIS = YES;
				CLANG_WARN_STRICT_PROTOTYPES = YES;
				CLANG_WARN_SUSPICIOUS_MOVE = YES;
				CLANG_WARN_UNGUARDED_AVAILABILITY = YES_AGGRESSIVE;
				CLANG_WARN_UNREACHABLE_CODE = YES;
				CLANG_WARN__DUPLICATE_METHOD_MATCH = YES;
				COPY_PHASE_STRIP = NO;
				DEBUG_INFORMATION_FORMAT = dwarf;
				ENABLE_STRICT_OBJC_MSGSEND = YES;
				ENABLE_TESTABILITY = YES;
				GCC_C_LANGUAGE_STANDARD = gnu11;
				GCC_DYNAMIC_NO_PIC = NO;
				GCC_NO_COMMON_BLOCKS = YES;
				GCC_OPTIMIZATION_LEVEL = 0;
				GCC_PREPROCESSOR_DEFINITIONS = (
					"DEBUG=1",
					"$(inherited)",
				);
				GCC_WARN_64_TO_32_BIT_CONVERSION = YES;
				GCC_WARN_ABOUT_RETURN_TYPE = YES_ERROR;
				GCC_WARN_UNDECLARED_SELECTOR = YES;
				GCC_WARN_UNINITIALIZED_AUTOS = YES_AGGRESSIVE;
				GCC_WARN_UNUSED_FUNCTION = YES;
				GCC_WARN_UNUSED_VARIABLE = YES;
				IPHONEOS_DEPLOYMENT_TARGET = 14.0;
				MTL_ENABLE_DEBUG_INFO = INCLUDE_SOURCE;
				MTL_FAST_MATH = YES;
				ONLY_ACTIVE_ARCH = YES;
				SDKROOT = iphoneos;
			};
			name = Debug;
		};
		E3762E52251ECC2800AE5E68 /* Release */ = {
			isa = XCBuildConfiguration;
			buildSettings = {
				ALWAYS_SEARCH_USER_PATHS = NO;
				CLANG_ANALYZER_NONNULL = YES;
				CLANG_ANALYZER_NUMBER_OBJECT_CONVERSION = YES_AGGRESSIVE;
				CLANG_CXX_LANGUAGE_STANDARD = "gnu++14";
				CLANG_CXX_LIBRARY = "libc++";
				CLANG_ENABLE_MODULES = YES;
				CLANG_ENABLE_OBJC_ARC = YES;
				CLANG_ENABLE_OBJC_WEAK = YES;
				CLANG_WARN_BLOCK_CAPTURE_AUTORELEASING = YES;
				CLANG_WARN_BOOL_CONVERSION = YES;
				CLANG_WARN_COMMA = YES;
				CLANG_WARN_CONSTANT_CONVERSION = YES;
				CLANG_WARN_DEPRECATED_OBJC_IMPLEMENTATIONS = YES;
				CLANG_WARN_DIRECT_OBJC_ISA_USAGE = YES_ERROR;
				CLANG_WARN_DOCUMENTATION_COMMENTS = YES;
				CLANG_WARN_EMPTY_BODY = YES;
				CLANG_WARN_ENUM_CONVERSION = YES;
				CLANG_WARN_INFINITE_RECURSION = YES;
				CLANG_WARN_INT_CONVERSION = YES;
				CLANG_WARN_NON_LITERAL_NULL_CONVERSION = YES;
				CLANG_WARN_OBJC_IMPLICIT_RETAIN_SELF = YES;
				CLANG_WARN_OBJC_LITERAL_CONVERSION = YES;
				CLANG_WARN_OBJC_ROOT_CLASS = YES_ERROR;
				CLANG_WARN_QUOTED_INCLUDE_IN_FRAMEWORK_HEADER = YES;
				CLANG_WARN_RANGE_LOOP_ANALYSIS = YES;
				CLANG_WARN_STRICT_PROTOTYPES = YES;
				CLANG_WARN_SUSPICIOUS_MOVE = YES;
				CLANG_WARN_UNGUARDED_AVAILABILITY = YES_AGGRESSIVE;
				CLANG_WARN_UNREACHABLE_CODE = YES;
				CLANG_WARN__DUPLICATE_METHOD_MATCH = YES;
				COPY_PHASE_STRIP = NO;
				DEBUG_INFORMATION_FORMAT = "dwarf-with-dsym";
				ENABLE_NS_ASSERTIONS = NO;
				ENABLE_STRICT_OBJC_MSGSEND = YES;
				GCC_C_LANGUAGE_STANDARD = gnu11;
				GCC_NO_COMMON_BLOCKS = YES;
				GCC_WARN_64_TO_32_BIT_CONVERSION = YES;
				GCC_WARN_ABOUT_RETURN_TYPE = YES_ERROR;
				GCC_WARN_UNDECLARED_SELECTOR = YES;
				GCC_WARN_UNINITIALIZED_AUTOS = YES_AGGRESSIVE;
				GCC_WARN_UNUSED_FUNCTION = YES;
				GCC_WARN_UNUSED_VARIABLE = YES;
				IPHONEOS_DEPLOYMENT_TARGET = 14.0;
				MTL_ENABLE_DEBUG_INFO = NO;
				MTL_FAST_MATH = YES;
				SDKROOT = iphoneos;
				VALIDATE_PRODUCT = YES;
			};
			name = Release;
		};
		E3762E54251ECC2800AE5E68 /* Debug */ = {
			isa = XCBuildConfiguration;
			buildSettings = {
				ASSETCATALOG_COMPILER_APPICON_NAME = AppIcon;
				ASSETCATALOG_COMPILER_GLOBAL_ACCENT_COLOR_NAME = AccentColor;
				CODE_SIGN_STYLE = Automatic;
				DEVELOPMENT_TEAM = JA7B9846WV;
				INFOPLIST_FILE = "Favorite Artists/Info.plist";
				LD_RUNPATH_SEARCH_PATHS = (
					"$(inherited)",
					"@executable_path/Frameworks",
				);
				PRODUCT_BUNDLE_IDENTIFIER = "com.bronsonmullens.Favorite-Artists";
				PRODUCT_NAME = "$(TARGET_NAME)";
				TARGETED_DEVICE_FAMILY = "1,2";
			};
			name = Debug;
		};
		E3762E55251ECC2800AE5E68 /* Release */ = {
			isa = XCBuildConfiguration;
			buildSettings = {
				ASSETCATALOG_COMPILER_APPICON_NAME = AppIcon;
				ASSETCATALOG_COMPILER_GLOBAL_ACCENT_COLOR_NAME = AccentColor;
				CODE_SIGN_STYLE = Automatic;
				DEVELOPMENT_TEAM = JA7B9846WV;
				INFOPLIST_FILE = "Favorite Artists/Info.plist";
				LD_RUNPATH_SEARCH_PATHS = (
					"$(inherited)",
					"@executable_path/Frameworks",
				);
				PRODUCT_BUNDLE_IDENTIFIER = "com.bronsonmullens.Favorite-Artists";
				PRODUCT_NAME = "$(TARGET_NAME)";
				TARGETED_DEVICE_FAMILY = "1,2";
			};
			name = Release;
		};
/* End XCBuildConfiguration section */

/* Begin XCConfigurationList section */
		E3762E35251ECC2000AE5E68 /* Build configuration list for PBXProject "Favorite Artists" */ = {
			isa = XCConfigurationList;
			buildConfigurations = (
				E3762E51251ECC2800AE5E68 /* Debug */,
				E3762E52251ECC2800AE5E68 /* Release */,
			);
			defaultConfigurationIsVisible = 0;
			defaultConfigurationName = Release;
		};
		E3762E53251ECC2800AE5E68 /* Build configuration list for PBXNativeTarget "Favorite Artists" */ = {
			isa = XCConfigurationList;
			buildConfigurations = (
				E3762E54251ECC2800AE5E68 /* Debug */,
				E3762E55251ECC2800AE5E68 /* Release */,
			);
			defaultConfigurationIsVisible = 0;
			defaultConfigurationName = Release;
		};
/* End XCConfigurationList section */
	};
	rootObject = E3762E32251ECC2000AE5E68 /* Project object */;
}
